
Microsoft Visual Studio Solution File, Format Version 12.00
# Visual Studio 15
Project("{FAE04EC0-301F-11D3-BF4B-00C04F79EFBC}") = "Assembly-CSharp", "Assembly-CSharp.csproj", "{5E1862E7-9E25-349C-EDC1-6F697F7AE16A}"
EndProject
Project("{FAE04EC0-301F-11D3-BF4B-00C04F79EFBC}") = "AstarPathfindingProject", "AstarPathfindingProject.csproj", "{1CE71532-30C6-45F5-4186-14C86E66B5E5}"
EndProject
Project("{FAE04EC0-301F-11D3-BF4B-00C04F79EFBC}") = "AstarPathfindingProjectEditor", "AstarPathfindingProjectEditor.csproj", "{7A736907-013D-02EF-D705-66554F283352}"
EndProject
Project("{FAE04EC0-301F-11D3-BF4B-00C04F79EFBC}") = "PackageToolsEditor", "PackageToolsEditor.csproj", "{E2024FCB-7961-C87B-7E2B-9D56427E8EF5}"
EndProject
Global
	GlobalSection(SolutionConfigurationPlatforms) = preSolution
		Debug|Any CPU = Debug|Any CPU
		Release|Any CPU = Release|Any CPU
	EndGlobalSection
	GlobalSection(ProjectConfigurationPlatforms) = postSolution
		{5E1862E7-9E25-349C-EDC1-6F697F7AE16A}.Debug|Any CPU.ActiveCfg = Debug|Any CPU
		{5E1862E7-9E25-349C-EDC1-6F697F7AE16A}.Debug|Any CPU.Build.0 = Debug|Any CPU
		{5E1862E7-9E25-349C-EDC1-6F697F7AE16A}.Release|Any CPU.ActiveCfg = Release|Any CPU
		{5E1862E7-9E25-349C-EDC1-6F697F7AE16A}.Release|Any CPU.Build.0 = Release|Any CPU
		{1CE71532-30C6-45F5-4186-14C86E66B5E5}.Debug|Any CPU.ActiveCfg = Debug|Any CPU
		{1CE71532-30C6-45F5-4186-14C86E66B5E5}.Debug|Any CPU.Build.0 = Debug|Any CPU
		{1CE71532-30C6-45F5-4186-14C86E66B5E5}.Release|Any CPU.ActiveCfg = Release|Any CPU
		{1CE71532-30C6-45F5-4186-14C86E66B5E5}.Release|Any CPU.Build.0 = Release|Any CPU
		{7A736907-013D-02EF-D705-66554F283352}.Debug|Any CPU.ActiveCfg = Debug|Any CPU
		{7A736907-013D-02EF-D705-66554F283352}.Debug|Any CPU.Build.0 = Debug|Any CPU
		{7A736907-013D-02EF-D705-66554F283352}.Release|Any CPU.ActiveCfg = Release|Any CPU
		{7A736907-013D-02EF-D705-66554F283352}.Release|Any CPU.Build.0 = Release|Any CPU
		{E2024FCB-7961-C87B-7E2B-9D56427E8EF5}.Debug|Any CPU.ActiveCfg = Debug|Any CPU
		{E2024FCB-7961-C87B-7E2B-9D56427E8EF5}.Debug|Any CPU.Build.0 = Debug|Any CPU
		{E2024FCB-7961-C87B-7E2B-9D56427E8EF5}.Release|Any CPU.ActiveCfg = Release|Any CPU
		{E2024FCB-7961-C87B-7E2B-9D56427E8EF5}.Release|Any CPU.Build.0 = Release|Any CPU
	EndGlobalSection
	GlobalSection(SolutionProperties) = preSolution
		HideSolutionNode = FALSE
	EndGlobalSection
EndGlobal
